
Microsoft Visual Studio Solution File, Format Version 12.00
# Visual Studio Version 17
VisualStudioVersion = 17.9.34728.123
MinimumVisualStudioVersion = 10.0.40219.1
Project("{FAE04EC0-301F-11D3-BF4B-00C04F79EFBC}") = "BookingAppWeb", "BookingAppWeb\BookingAppWeb.csproj", "{02D8AE49-F16F-4DE0-8306-F794BC73E5C0}"
EndProject
Global
	GlobalSection(SolutionConfigurationPlatforms) = preSolution
		Debug|Any CPU = Debug|Any CPU
		Release|Any CPU = Release|Any CPU
	EndGlobalSection
	GlobalSection(ProjectConfigurationPlatforms) = postSolution
		{02D8AE49-F16F-4DE0-8306-F794BC73E5C0}.Debug|Any CPU.ActiveCfg = Debug|Any CPU
		{02D8AE49-F16F-4DE0-8306-F794BC73E5C0}.Debug|Any CPU.Build.0 = Debug|Any CPU
		{02D8AE49-F16F-4DE0-8306-F794BC73E5C0}.Release|Any CPU.ActiveCfg = Release|Any CPU
		{02D8AE49-F16F-4DE0-8306-F794BC73E5C0}.Release|Any CPU.Build.0 = Release|Any CPU
	EndGlobalSection
	GlobalSection(SolutionProperties) = preSolution
		HideSolutionNode = FALSE
	EndGlobalSection
	GlobalSection(ExtensibilityGlobals) = postSolution
		SolutionGuid = {73AA8649-DAC9-4382-A6C7-0B9468A2A0E2}
	EndGlobalSection
EndGlobal
